
Microsoft Visual Studio Solution File, Format Version 12.00
# Visual Studio Version 17
VisualStudioVersion = 17.11.35312.102
MinimumVisualStudioVersion = 10.0.40219.1
Project("{FAE04EC0-301F-11D3-BF4B-00C04F79EFBC}") = "Mod3", "Mod3\Mod3.csproj", "{DB73B3BB-DC1B-48A5-88DA-F13743E78CFF}"
EndProject
Project("{FAE04EC0-301F-11D3-BF4B-00C04F79EFBC}") = "Mod3_2", "Mod3_2\Mod3_2.csproj", "{BDD2088E-4B0F-4748-BC9F-617813EFDBED}"
EndProject
Project("{FAE04EC0-301F-11D3-BF4B-00C04F79EFBC}") = "Mod3_3", "Mod3_3\Mod3_3.csproj", "{0D20B94F-227C-4993-B864-ABEF867A0F3D}"
EndProject
Project("{FAE04EC0-301F-11D3-BF4B-00C04F79EFBC}") = "Mod3_4", "Mod3_4\Mod3_4.csproj", "{026A4F3C-C847-41D2-ADA7-8C7FCD9FA511}"
EndProject
Project("{FAE04EC0-301F-11D3-BF4B-00C04F79EFBC}") = "Mod3_5", "Mod3_5\Mod3_5.csproj", "{AB987454-1A21-4CDA-924E-031E21CDAE2F}"
EndProject
Global
	GlobalSection(SolutionConfigurationPlatforms) = preSolution
		Debug|Any CPU = Debug|Any CPU
		Release|Any CPU = Release|Any CPU
	EndGlobalSection
	GlobalSection(ProjectConfigurationPlatforms) = postSolution
		{DB73B3BB-DC1B-48A5-88DA-F13743E78CFF}.Debug|Any CPU.ActiveCfg = Debug|Any CPU
		{DB73B3BB-DC1B-48A5-88DA-F13743E78CFF}.Debug|Any CPU.Build.0 = Debug|Any CPU
		{DB73B3BB-DC1B-48A5-88DA-F13743E78CFF}.Release|Any CPU.ActiveCfg = Release|Any CPU
		{DB73B3BB-DC1B-48A5-88DA-F13743E78CFF}.Release|Any CPU.Build.0 = Release|Any CPU
		{BDD2088E-4B0F-4748-BC9F-617813EFDBED}.Debug|Any CPU.ActiveCfg = Debug|Any CPU
		{BDD2088E-4B0F-4748-BC9F-617813EFDBED}.Debug|Any CPU.Build.0 = Debug|Any CPU
		{BDD2088E-4B0F-4748-BC9F-617813EFDBED}.Release|Any CPU.ActiveCfg = Release|Any CPU
		{BDD2088E-4B0F-4748-BC9F-617813EFDBED}.Release|Any CPU.Build.0 = Release|Any CPU
		{0D20B94F-227C-4993-B864-ABEF867A0F3D}.Debug|Any CPU.ActiveCfg = Debug|Any CPU
		{0D20B94F-227C-4993-B864-ABEF867A0F3D}.Debug|Any CPU.Build.0 = Debug|Any CPU
		{0D20B94F-227C-4993-B864-ABEF867A0F3D}.Release|Any CPU.ActiveCfg = Release|Any CPU
		{0D20B94F-227C-4993-B864-ABEF867A0F3D}.Release|Any CPU.Build.0 = Release|Any CPU
		{026A4F3C-C847-41D2-ADA7-8C7FCD9FA511}.Debug|Any CPU.ActiveCfg = Debug|Any CPU
		{026A4F3C-C847-41D2-ADA7-8C7FCD9FA511}.Debug|Any CPU.Build.0 = Debug|Any CPU
		{026A4F3C-C847-41D2-ADA7-8C7FCD9FA511}.Release|Any CPU.ActiveCfg = Release|Any CPU
		{026A4F3C-C847-41D2-ADA7-8C7FCD9FA511}.Release|Any CPU.Build.0 = Release|Any CPU
		{AB987454-1A21-4CDA-924E-031E21CDAE2F}.Debug|Any CPU.ActiveCfg = Debug|Any CPU
		{AB987454-1A21-4CDA-924E-031E21CDAE2F}.Debug|Any CPU.Build.0 = Debug|Any CPU
		{AB987454-1A21-4CDA-924E-031E21CDAE2F}.Release|Any CPU.ActiveCfg = Release|Any CPU
		{AB987454-1A21-4CDA-924E-031E21CDAE2F}.Release|Any CPU.Build.0 = Release|Any CPU
	EndGlobalSection
	GlobalSection(SolutionProperties) = preSolution
		HideSolutionNode = FALSE
	EndGlobalSection
	GlobalSection(ExtensibilityGlobals) = postSolution
		SolutionGuid = {88E3B4FD-36AC-47D0-8770-D1888B780049}
	EndGlobalSection
EndGlobal
